
Microsoft Visual Studio Solution File, Format Version 12.00
# Visual Studio Version 16
VisualStudioVersion = 16.0.29613.14
MinimumVisualStudioVersion = 10.0.40219.1
Project("{2150E333-8FDC-42A3-9474-1A3956D46DE8}") = "Dvornik", "Dvornik", "{74678B05-8EB8-4491-A160-22BBD2A4A768}"
EndProject
Project("{2150E333-8FDC-42A3-9474-1A3956D46DE8}") = "Dyachenko", "Dyachenko", "{A605C751-BE7C-42A7-B9F0-3A5BA4302C10}"
EndProject
Project("{2150E333-8FDC-42A3-9474-1A3956D46DE8}") = "Lab2", "Lab2", "{E8D5047C-DA46-4DF7-8544-77E3B005E3CF}"
EndProject
Project("{FAE04EC0-301F-11D3-BF4B-00C04F79EFBC}") = "spo2_child", "Dvornik\Lab2\spo2_child\spo2_child.csproj", "{A1E3F7F0-A400-4D19-9D41-110D24A6D5EB}"
EndProject
Project("{FAE04EC0-301F-11D3-BF4B-00C04F79EFBC}") = "spo2_parent", "Dvornik\Lab2\spo2_parent\spo2_parent.csproj", "{D0C67648-5141-40C6-97E0-9231DF8506E8}"
EndProject
Project("{FAE04EC0-301F-11D3-BF4B-00C04F79EFBC}") = "spo2_child_forms", "Dvornik\Lab2\spo_child_forms\spo2_child_forms.csproj", "{C9C9398D-74F9-4F58-B695-194940099594}"
EndProject
Project("{FAE04EC0-301F-11D3-BF4B-00C04F79EFBC}") = "lab1liteversion", "Dyachenko\lab1liteversion\lab1liteversion.csproj", "{73BA9D15-2D10-4CFA-B605-DCA2F7D48C53}"
EndProject
Project("{FAE04EC0-301F-11D3-BF4B-00C04F79EFBC}") = "Lab2SPOParent", "Lab2SPOParent\Lab2SPOParent.csproj", "{672F29DB-1755-48B9-B58C-10E001D0631D}"
EndProject
Project("{FAE04EC0-301F-11D3-BF4B-00C04F79EFBC}") = "Lab2SPOChild", "Lab2SPOChild\Lab2SPOChild.csproj", "{EBA2078F-3AAC-4323-A66E-ED3C020FE2E0}"
EndProject
Project("{2150E333-8FDC-42A3-9474-1A3956D46DE8}") = "Lab1", "Lab1", "{F86DBCB5-020A-4C4E-B85A-21F659C2C623}"
EndProject
Project("{FAE04EC0-301F-11D3-BF4B-00C04F79EFBC}") = "spo1", "Dvornik\Lab1\spo1\spo1.csproj", "{F9BA6F9D-3A0B-471E-9841-1EF72246F8D1}"
EndProject
Project("{2150E333-8FDC-42A3-9474-1A3956D46DE8}") = "Lab3", "Lab3", "{D199B64F-0C63-47D8-B341-460009D8CAC2}"
EndProject
Project("{FAE04EC0-301F-11D3-BF4B-00C04F79EFBC}") = "SemaphoreTest", "SemaphoreTest\SemaphoreTest.csproj", "{DDA238D7-5014-4087-BCF3-0A5F5358C97A}"
EndProject
Project("{FAE04EC0-301F-11D3-BF4B-00C04F79EFBC}") = "SemaphoreIncrementer", "SemaphoreIncrementer\SemaphoreIncrementer.csproj", "{8A65398C-650F-446E-B4D8-32F93A9ECE89}"
EndProject
Global
	GlobalSection(SolutionConfigurationPlatforms) = preSolution
		Debug|Any CPU = Debug|Any CPU
		Release|Any CPU = Release|Any CPU
	EndGlobalSection
	GlobalSection(ProjectConfigurationPlatforms) = postSolution
		{A1E3F7F0-A400-4D19-9D41-110D24A6D5EB}.Debug|Any CPU.ActiveCfg = Debug|Any CPU
		{A1E3F7F0-A400-4D19-9D41-110D24A6D5EB}.Debug|Any CPU.Build.0 = Debug|Any CPU
		{A1E3F7F0-A400-4D19-9D41-110D24A6D5EB}.Release|Any CPU.ActiveCfg = Release|Any CPU
		{A1E3F7F0-A400-4D19-9D41-110D24A6D5EB}.Release|Any CPU.Build.0 = Release|Any CPU
		{D0C67648-5141-40C6-97E0-9231DF8506E8}.Debug|Any CPU.ActiveCfg = Debug|Any CPU
		{D0C67648-5141-40C6-97E0-9231DF8506E8}.Debug|Any CPU.Build.0 = Debug|Any CPU
		{D0C67648-5141-40C6-97E0-9231DF8506E8}.Release|Any CPU.ActiveCfg = Release|Any CPU
		{D0C67648-5141-40C6-97E0-9231DF8506E8}.Release|Any CPU.Build.0 = Release|Any CPU
		{C9C9398D-74F9-4F58-B695-194940099594}.Debug|Any CPU.ActiveCfg = Debug|Any CPU
		{C9C9398D-74F9-4F58-B695-194940099594}.Debug|Any CPU.Build.0 = Debug|Any CPU
		{C9C9398D-74F9-4F58-B695-194940099594}.Release|Any CPU.ActiveCfg = Release|Any CPU
		{C9C9398D-74F9-4F58-B695-194940099594}.Release|Any CPU.Build.0 = Release|Any CPU
		{73BA9D15-2D10-4CFA-B605-DCA2F7D48C53}.Debug|Any CPU.ActiveCfg = Debug|Any CPU
		{73BA9D15-2D10-4CFA-B605-DCA2F7D48C53}.Debug|Any CPU.Build.0 = Debug|Any CPU
		{73BA9D15-2D10-4CFA-B605-DCA2F7D48C53}.Release|Any CPU.ActiveCfg = Release|Any CPU
		{73BA9D15-2D10-4CFA-B605-DCA2F7D48C53}.Release|Any CPU.Build.0 = Release|Any CPU
		{672F29DB-1755-48B9-B58C-10E001D0631D}.Debug|Any CPU.ActiveCfg = Debug|Any CPU
		{672F29DB-1755-48B9-B58C-10E001D0631D}.Debug|Any CPU.Build.0 = Debug|Any CPU
		{672F29DB-1755-48B9-B58C-10E001D0631D}.Release|Any CPU.ActiveCfg = Release|Any CPU
		{672F29DB-1755-48B9-B58C-10E001D0631D}.Release|Any CPU.Build.0 = Release|Any CPU
		{EBA2078F-3AAC-4323-A66E-ED3C020FE2E0}.Debug|Any CPU.ActiveCfg = Debug|Any CPU
		{EBA2078F-3AAC-4323-A66E-ED3C020FE2E0}.Debug|Any CPU.Build.0 = Debug|Any CPU
		{EBA2078F-3AAC-4323-A66E-ED3C020FE2E0}.Release|Any CPU.ActiveCfg = Release|Any CPU
		{EBA2078F-3AAC-4323-A66E-ED3C020FE2E0}.Release|Any CPU.Build.0 = Release|Any CPU
		{F9BA6F9D-3A0B-471E-9841-1EF72246F8D1}.Debug|Any CPU.ActiveCfg = Debug|Any CPU
		{F9BA6F9D-3A0B-471E-9841-1EF72246F8D1}.Debug|Any CPU.Build.0 = Debug|Any CPU
		{F9BA6F9D-3A0B-471E-9841-1EF72246F8D1}.Release|Any CPU.ActiveCfg = Release|Any CPU
		{F9BA6F9D-3A0B-471E-9841-1EF72246F8D1}.Release|Any CPU.Build.0 = Release|Any CPU
		{DDA238D7-5014-4087-BCF3-0A5F5358C97A}.Debug|Any CPU.ActiveCfg = Debug|Any CPU
		{DDA238D7-5014-4087-BCF3-0A5F5358C97A}.Debug|Any CPU.Build.0 = Debug|Any CPU
		{DDA238D7-5014-4087-BCF3-0A5F5358C97A}.Release|Any CPU.ActiveCfg = Release|Any CPU
		{DDA238D7-5014-4087-BCF3-0A5F5358C97A}.Release|Any CPU.Build.0 = Release|Any CPU
		{8A65398C-650F-446E-B4D8-32F93A9ECE89}.Debug|Any CPU.ActiveCfg = Debug|Any CPU
		{8A65398C-650F-446E-B4D8-32F93A9ECE89}.Debug|Any CPU.Build.0 = Debug|Any CPU
		{8A65398C-650F-446E-B4D8-32F93A9ECE89}.Release|Any CPU.ActiveCfg = Release|Any CPU
		{8A65398C-650F-446E-B4D8-32F93A9ECE89}.Release|Any CPU.Build.0 = Release|Any CPU
	EndGlobalSection
	GlobalSection(SolutionProperties) = preSolution
		HideSolutionNode = FALSE
	EndGlobalSection
	GlobalSection(NestedProjects) = preSolution
		{E8D5047C-DA46-4DF7-8544-77E3B005E3CF} = {74678B05-8EB8-4491-A160-22BBD2A4A768}
		{A1E3F7F0-A400-4D19-9D41-110D24A6D5EB} = {E8D5047C-DA46-4DF7-8544-77E3B005E3CF}
		{D0C67648-5141-40C6-97E0-9231DF8506E8} = {E8D5047C-DA46-4DF7-8544-77E3B005E3CF}
		{C9C9398D-74F9-4F58-B695-194940099594} = {E8D5047C-DA46-4DF7-8544-77E3B005E3CF}
		{73BA9D15-2D10-4CFA-B605-DCA2F7D48C53} = {A605C751-BE7C-42A7-B9F0-3A5BA4302C10}
		{672F29DB-1755-48B9-B58C-10E001D0631D} = {A605C751-BE7C-42A7-B9F0-3A5BA4302C10}
		{EBA2078F-3AAC-4323-A66E-ED3C020FE2E0} = {A605C751-BE7C-42A7-B9F0-3A5BA4302C10}
		{F86DBCB5-020A-4C4E-B85A-21F659C2C623} = {74678B05-8EB8-4491-A160-22BBD2A4A768}
		{F9BA6F9D-3A0B-471E-9841-1EF72246F8D1} = {F86DBCB5-020A-4C4E-B85A-21F659C2C623}
		{D199B64F-0C63-47D8-B341-460009D8CAC2} = {74678B05-8EB8-4491-A160-22BBD2A4A768}
		{DDA238D7-5014-4087-BCF3-0A5F5358C97A} = {D199B64F-0C63-47D8-B341-460009D8CAC2}
		{8A65398C-650F-446E-B4D8-32F93A9ECE89} = {D199B64F-0C63-47D8-B341-460009D8CAC2}
	EndGlobalSection
	GlobalSection(ExtensibilityGlobals) = postSolution
		SolutionGuid = {5091B362-FDA3-4674-ABCE-8EBB75190F77}
	EndGlobalSection
EndGlobal
