
Microsoft Visual Studio Solution File, Format Version 12.00
# Visual Studio Version 16
VisualStudioVersion = 16.0.29613.14
MinimumVisualStudioVersion = 10.0.40219.1
Project("{2150E333-8FDC-42A3-9474-1A3956D46DE8}") = "Dvornik", "Dvornik", "{74678B05-8EB8-4491-A160-22BBD2A4A768}"
EndProject
Project("{2150E333-8FDC-42A3-9474-1A3956D46DE8}") = "Dyachenko", "Dyachenko", "{A605C751-BE7C-42A7-B9F0-3A5BA4302C10}"
EndProject
Project("{2150E333-8FDC-42A3-9474-1A3956D46DE8}") = "Lab2", "Lab2", "{E8D5047C-DA46-4DF7-8544-77E3B005E3CF}"
EndProject
Project("{FAE04EC0-301F-11D3-BF4B-00C04F79EFBC}") = "spo2_child", "Dvornik\Lab2\spo2_child\spo2_child.csproj", "{A1E3F7F0-A400-4D19-9D41-110D24A6D5EB}"
EndProject
Project("{FAE04EC0-301F-11D3-BF4B-00C04F79EFBC}") = "spo2_parent", "Dvornik\Lab2\spo2_parent\spo2_parent.csproj", "{D0C67648-5141-40C6-97E0-9231DF8506E8}"
EndProject
Global
	GlobalSection(SolutionConfigurationPlatforms) = preSolution
		Debug|Any CPU = Debug|Any CPU
		Release|Any CPU = Release|Any CPU
	EndGlobalSection
	GlobalSection(ProjectConfigurationPlatforms) = postSolution
		{A1E3F7F0-A400-4D19-9D41-110D24A6D5EB}.Debug|Any CPU.ActiveCfg = Debug|Any CPU
		{A1E3F7F0-A400-4D19-9D41-110D24A6D5EB}.Debug|Any CPU.Build.0 = Debug|Any CPU
		{A1E3F7F0-A400-4D19-9D41-110D24A6D5EB}.Release|Any CPU.ActiveCfg = Release|Any CPU
		{A1E3F7F0-A400-4D19-9D41-110D24A6D5EB}.Release|Any CPU.Build.0 = Release|Any CPU
		{D0C67648-5141-40C6-97E0-9231DF8506E8}.Debug|Any CPU.ActiveCfg = Debug|Any CPU
		{D0C67648-5141-40C6-97E0-9231DF8506E8}.Debug|Any CPU.Build.0 = Debug|Any CPU
		{D0C67648-5141-40C6-97E0-9231DF8506E8}.Release|Any CPU.ActiveCfg = Release|Any CPU
		{D0C67648-5141-40C6-97E0-9231DF8506E8}.Release|Any CPU.Build.0 = Release|Any CPU
	EndGlobalSection
	GlobalSection(SolutionProperties) = preSolution
		HideSolutionNode = FALSE
	EndGlobalSection
	GlobalSection(NestedProjects) = preSolution
		{E8D5047C-DA46-4DF7-8544-77E3B005E3CF} = {74678B05-8EB8-4491-A160-22BBD2A4A768}
		{A1E3F7F0-A400-4D19-9D41-110D24A6D5EB} = {E8D5047C-DA46-4DF7-8544-77E3B005E3CF}
		{D0C67648-5141-40C6-97E0-9231DF8506E8} = {E8D5047C-DA46-4DF7-8544-77E3B005E3CF}
	EndGlobalSection
	GlobalSection(ExtensibilityGlobals) = postSolution
		SolutionGuid = {5091B362-FDA3-4674-ABCE-8EBB75190F77}
	EndGlobalSection
EndGlobal
